// !$*UTF8*$!
{
	archiveVersion = 1;
	classes = {
	};
	objectVersion = 46;
	objects = {

/* Begin PBXBuildFile section */
		F257C2E91A87845100297BBE /* AppDelegate.swift in Sources */ = {isa = PBXBuildFile; fileRef = F257C2E81A87845100297BBE /* AppDelegate.swift */; };
		F257C2EB1A87845100297BBE /* ViewController.swift in Sources */ = {isa = PBXBuildFile; fileRef = F257C2EA1A87845100297BBE /* ViewController.swift */; };
		F257C2EE1A87845100297BBE /* Main.storyboard in Resources */ = {isa = PBXBuildFile; fileRef = F257C2EC1A87845100297BBE /* Main.storyboard */; };
		F257C2F01A87845100297BBE /* Images.xcassets in Resources */ = {isa = PBXBuildFile; fileRef = F257C2EF1A87845100297BBE /* Images.xcassets */; };
		F257C2F31A87845100297BBE /* LaunchScreen.xib in Resources */ = {isa = PBXBuildFile; fileRef = F257C2F11A87845100297BBE /* LaunchScreen.xib */; };
		F257C2FF1A87845100297BBE /* CalculatorTests.swift in Sources */ = {isa = PBXBuildFile; fileRef = F257C2FE1A87845100297BBE /* CalculatorTests.swift */; };
/* End PBXBuildFile section */

/* Begin PBXContainerItemProxy section */
		F257C2F91A87845100297BBE /* PBXContainerItemProxy */ = {
			isa = PBXContainerItemProxy;
			containerPortal = F257C2DB1A87845000297BBE /* Project object */;
			proxyType = 1;
			remoteGlobalIDString = F257C2E21A87845100297BBE;
			remoteInfo = Calculator;
		};
/* End PBXContainerItemProxy section */

/* Begin PBXFileReference section */
		F257C2E31A87845100297BBE /* Calculator.app */ = {isa = PBXFileReference; explicitFileType = wrapper.application; includeInIndex = 0; path = Calculator.app; sourceTree = BUILT_PRODUCTS_DIR; };
		F257C2E71A87845100297BBE /* Info.plist */ = {isa = PBXFileReference; lastKnownFileType = text.plist.xml; path = Info.plist; sourceTree = "<group>"; };
		F257C2E81A87845100297BBE /* AppDelegate.swift */ = {isa = PBXFileReference; lastKnownFileType = sourcecode.swift; path = AppDelegate.swift; sourceTree = "<group>"; };
		F257C2EA1A87845100297BBE /* ViewController.swift */ = {isa = PBXFileReference; lastKnownFileType = sourcecode.swift; path = ViewController.swift; sourceTree = "<group>"; };
		F257C2ED1A87845100297BBE /* Base */ = {isa = PBXFileReference; lastKnownFileType = file.storyboard; name = Base; path = Base.lproj/Main.storyboard; sourceTree = "<group>"; };
		F257C2EF1A87845100297BBE /* Images.xcassets */ = {isa = PBXFileReference; lastKnownFileType = folder.assetcatalog; path = Images.xcassets; sourceTree = "<group>"; };
		F257C2F21A87845100297BBE /* Base */ = {isa = PBXFileReference; lastKnownFileType = file.xib; name = Base; path = Base.lproj/LaunchScreen.xib; sourceTree = "<group>"; };
		F257C2F81A87845100297BBE /* CalculatorTests.xctest */ = {isa = PBXFileReference; explicitFileType = wrapper.cfbundle; includeInIndex = 0; path = CalculatorTests.xctest; sourceTree = BUILT_PRODUCTS_DIR; };
		F257C2FD1A87845100297BBE /* Info.plist */ = {isa = PBXFileReference; lastKnownFileType = text.plist.xml; path = Info.plist; sourceTree = "<group>"; };
		F257C2FE1A87845100297BBE /* CalculatorTests.swift */ = {isa = PBXFileReference; lastKnownFileType = sourcecode.swift; path = CalculatorTests.swift; sourceTree = "<group>"; };
/* End PBXFileReference section */

/* Begin PBXFrameworksBuildPhase section */
		F257C2E01A87845100297BBE /* Frameworks */ = {
			isa = PBXFrameworksBuildPhase;
			buildActionMask = 2147483647;
			files = (
			);
			runOnlyForDeploymentPostprocessing = 0;
		};
		F257C2F51A87845100297BBE /* Frameworks */ = {
			isa = PBXFrameworksBuildPhase;
			buildActionMask = 2147483647;
			files = (
			);
			runOnlyForDeploymentPostprocessing = 0;
		};
/* End PBXFrameworksBuildPhase section */

/* Begin PBXGroup section */
		F257C2DA1A87845000297BBE = {
			isa = PBXGroup;
			children = (
				F257C2E51A87845100297BBE /* Calculator */,
				F257C2FB1A87845100297BBE /* CalculatorTests */,
				F257C2E41A87845100297BBE /* Products */,
			);
			sourceTree = "<group>";
		};
		F257C2E41A87845100297BBE /* Products */ = {
			isa = PBXGroup;
			children = (
				F257C2E31A87845100297BBE /* Calculator.app */,
				F257C2F81A87845100297BBE /* CalculatorTests.xctest */,
			);
			name = Products;
			sourceTree = "<group>";
		};
		F257C2E51A87845100297BBE /* Calculator */ = {
			isa = PBXGroup;
			children = (
				F257C2EA1A87845100297BBE /* ViewController.swift */,
				F257C2EC1A87845100297BBE /* Main.storyboard */,
				F257C2E61A87845100297BBE /* Supporting Files */,
			);
			path = Calculator;
			sourceTree = "<group>";
		};
		F257C2E61A87845100297BBE /* Supporting Files */ = {
			isa = PBXGroup;
			children = (
				F257C2F11A87845100297BBE /* LaunchScreen.xib */,
				F257C2EF1A87845100297BBE /* Images.xcassets */,
				F257C2E81A87845100297BBE /* AppDelegate.swift */,
				F257C2E71A87845100297BBE /* Info.plist */,
			);
			name = "Supporting Files";
			sourceTree = "<group>";
		};
		F257C2FB1A87845100297BBE /* CalculatorTests */ = {
			isa = PBXGroup;
			children = (
				F257C2FE1A87845100297BBE /* CalculatorTests.swift */,
				F257C2FC1A87845100297BBE /* Supporting Files */,
			);
			path = CalculatorTests;
			sourceTree = "<group>";
		};
		F257C2FC1A87845100297BBE /* Supporting Files */ = {
			isa = PBXGroup;
			children = (
				F257C2FD1A87845100297BBE /* Info.plist */,
			);
			name = "Supporting Files";
			sourceTree = "<group>";
		};
/* End PBXGroup section */

/* Begin PBXNativeTarget section */
		F257C2E21A87845100297BBE /* Calculator */ = {
			isa = PBXNativeTarget;
			buildConfigurationList = F257C3021A87845100297BBE /* Build configuration list for PBXNativeTarget "Calculator" */;
			buildPhases = (
				F257C2DF1A87845100297BBE /* Sources */,
				F257C2E01A87845100297BBE /* Frameworks */,
				F257C2E11A87845100297BBE /* Resources */,
			);
			buildRules = (
			);
			dependencies = (
			);
			name = Calculator;
			productName = Calculator;
			productReference = F257C2E31A87845100297BBE /* Calculator.app */;
			productType = "com.apple.product-type.application";
		};
		F257C2F71A87845100297BBE /* CalculatorTests */ = {
			isa = PBXNativeTarget;
			buildConfigurationList = F257C3051A87845100297BBE /* Build configuration list for PBXNativeTarget "CalculatorTests" */;
			buildPhases = (
				F257C2F41A87845100297BBE /* Sources */,
				F257C2F51A87845100297BBE /* Frameworks */,
				F257C2F61A87845100297BBE /* Resources */,
			);
			buildRules = (
			);
			dependencies = (
				F257C2FA1A87845100297BBE /* PBXTargetDependency */,
			);
			name = CalculatorTests;
			productName = CalculatorTests;
			productReference = F257C2F81A87845100297BBE /* CalculatorTests.xctest */;
			productType = "com.apple.product-type.bundle.unit-test";
		};
/* End PBXNativeTarget section */

/* Begin PBXProject section */
		F257C2DB1A87845000297BBE /* Project object */ = {
			isa = PBXProject;
			attributes = {
				LastUpgradeCheck = 0610;
				ORGANIZATIONNAME = GT;
				TargetAttributes = {
					F257C2E21A87845100297BBE = {
						CreatedOnToolsVersion = 6.1.1;
					};
					F257C2F71A87845100297BBE = {
						CreatedOnToolsVersion = 6.1.1;
						TestTargetID = F257C2E21A87845100297BBE;
					};
				};
			};
			buildConfigurationList = F257C2DE1A87845100297BBE /* Build configuration list for PBXProject "Calculator" */;
			compatibilityVersion = "Xcode 3.2";
			developmentRegion = English;
			hasScannedForEncodings = 0;
			knownRegions = (
				en,
				Base,
			);
			mainGroup = F257C2DA1A87845000297BBE;
			productRefGroup = F257C2E41A87845100297BBE /* Products */;
			projectDirPath = "";
			projectRoot = "";
			targets = (
				F257C2E21A87845100297BBE /* Calculator */,
				F257C2F71A87845100297BBE /* CalculatorTests */,
			);
		};
/* End PBXProject section */

/* Begin PBXResourcesBuildPhase section */
		F257C2E11A87845100297BBE /* Resources */ = {
			isa = PBXResourcesBuildPhase;
			buildActionMask = 2147483647;
			files = (
				F257C2EE1A87845100297BBE /* Main.storyboard in Resources */,
				F257C2F31A87845100297BBE /* LaunchScreen.xib in Resources */,
				F257C2F01A87845100297BBE /* Images.xcassets in Resources */,
			);
			runOnlyForDeploymentPostprocessing = 0;
		};
		F257C2F61A87845100297BBE /* Resources */ = {
			isa = PBXResourcesBuildPhase;
			buildActionMask = 2147483647;
			files = (
			);
			runOnlyForDeploymentPostprocessing = 0;
		};
/* End PBXResourcesBuildPhase section */

/* Begin PBXSourcesBuildPhase section */
		F257C2DF1A87845100297BBE /* Sources */ = {
			isa = PBXSourcesBuildPhase;
			buildActionMask = 2147483647;
			files = (
				F257C2EB1A87845100297BBE /* ViewController.swift in Sources */,
				F257C2E91A87845100297BBE /* AppDelegate.swift in Sources */,
			);
			runOnlyForDeploymentPostprocessing = 0;
		};
		F257C2F41A87845100297BBE /* Sources */ = {
			isa = PBXSourcesBuildPhase;
			buildActionMask = 2147483647;
			files = (
				F257C2FF1A87845100297BBE /* CalculatorTests.swift in Sources */,
			);
			runOnlyForDeploymentPostprocessing = 0;
		};
/* End PBXSourcesBuildPhase section */

/* Begin PBXTargetDependency section */
		F257C2FA1A87845100297BBE /* PBXTargetDependency */ = {
			isa = PBXTargetDependency;
			target = F257C2E21A87845100297BBE /* Calculator */;
			targetProxy = F257C2F91A87845100297BBE /* PBXContainerItemProxy */;
		};
/* End PBXTargetDependency section */

/* Begin PBXVariantGroup section */
		F257C2EC1A87845100297BBE /* Main.storyboard */ = {
			isa = PBXVariantGroup;
			children = (
				F257C2ED1A87845100297BBE /* Base */,
			);
			name = Main.storyboard;
			sourceTree = "<group>";
		};
		F257C2F11A87845100297BBE /* LaunchScreen.xib */ = {
			isa = PBXVariantGroup;
			children = (
				F257C2F21A87845100297BBE /* Base */,
			);
			name = LaunchScreen.xib;
			sourceTree = "<group>";
		};
/* End PBXVariantGroup section */

/* Begin XCBuildConfiguration section */
		F257C3001A87845100297BBE /* Debug */ = {
			isa = XCBuildConfiguration;
			buildSettings = {
				ALWAYS_SEARCH_USER_PATHS = NO;
				CLANG_CXX_LANGUAGE_STANDARD = "gnu++0x";
				CLANG_CXX_LIBRARY = "libc++";
				CLANG_ENABLE_MODULES = YES;
				CLANG_ENABLE_OBJC_ARC = YES;
				CLANG_WARN_BOOL_CONVERSION = YES;
				CLANG_WARN_CONSTANT_CONVERSION = YES;
				CLANG_WARN_DIRECT_OBJC_ISA_USAGE = YES_ERROR;
				CLANG_WARN_EMPTY_BODY = YES;
				CLANG_WARN_ENUM_CONVERSION = YES;
				CLANG_WARN_INT_CONVERSION = YES;
				CLANG_WARN_OBJC_ROOT_CLASS = YES_ERROR;
				CLANG_WARN_UNREACHABLE_CODE = YES;
				CLANG_WARN__DUPLICATE_METHOD_MATCH = YES;
				"CODE_SIGN_IDENTITY[sdk=iphoneos*]" = "iPhone Developer";
				COPY_PHASE_STRIP = NO;
				ENABLE_STRICT_OBJC_MSGSEND = YES;
				GCC_C_LANGUAGE_STANDARD = gnu99;
				GCC_DYNAMIC_NO_PIC = NO;
				GCC_OPTIMIZATION_LEVEL = 0;
				GCC_PREPROCESSOR_DEFINITIONS = (
					"DEBUG=1",
					"$(inherited)",
				);
				GCC_SYMBOLS_PRIVATE_EXTERN = NO;
				GCC_WARN_64_TO_32_BIT_CONVERSION = YES;
				GCC_WARN_ABOUT_RETURN_TYPE = YES_ERROR;
				GCC_WARN_UNDECLARED_SELECTOR = YES;
				GCC_WARN_UNINITIALIZED_AUTOS = YES_AGGRESSIVE;
				GCC_WARN_UNUSED_FUNCTION = YES;
				GCC_WARN_UNUSED_VARIABLE = YES;
				IPHONEOS_DEPLOYMENT_TARGET = 8.1;
				MTL_ENABLE_DEBUG_INFO = YES;
				ONLY_ACTIVE_ARCH = YES;
				SDKROOT = iphoneos;
				SWIFT_OPTIMIZATION_LEVEL = "-Onone";
				TARGETED_DEVICE_FAMILY = "1,2";
			};
			name = Debug;
		};
		F257C3011A87845100297BBE /* Release */ = {
			isa = XCBuildConfiguration;
			buildSettings = {
				ALWAYS_SEARCH_USER_PATHS = NO;
				CLANG_CXX_LANGUAGE_STANDARD = "gnu++0x";
				CLANG_CXX_LIBRARY = "libc++";
				CLANG_ENABLE_MODULES = YES;
				CLANG_ENABLE_OBJC_ARC = YES;
				CLANG_WARN_BOOL_CONVERSION = YES;
				CLANG_WARN_CONSTANT_CONVERSION = YES;
				CLANG_WARN_DIRECT_OBJC_ISA_USAGE = YES_ERROR;
				CLANG_WARN_EMPTY_BODY = YES;
				CLANG_WARN_ENUM_CONVERSION = YES;
				CLANG_WARN_INT_CONVERSION = YES;
				CLANG_WARN_OBJC_ROOT_CLASS = YES_ERROR;
				CLANG_WARN_UNREACHABLE_CODE = YES;
				CLANG_WARN__DUPLICATE_METHOD_MATCH = YES;
				"CODE_SIGN_IDENTITY[sdk=iphoneos*]" = "iPhone Developer";
				COPY_PHASE_STRIP = YES;
				ENABLE_NS_ASSERTIONS = NO;
				ENABLE_STRICT_OBJC_MSGSEND = YES;
				GCC_C_LANGUAGE_STANDARD = gnu99;
				GCC_WARN_64_TO_32_BIT_CONVERSION = YES;
				GCC_WARN_ABOUT_RETURN_TYPE = YES_ERROR;
				GCC_WARN_UNDECLARED_SELECTOR = YES;
				GCC_WARN_UNINITIALIZED_AUTOS = YES_AGGRESSIVE;
				GCC_WARN_UNUSED_FUNCTION = YES;
				GCC_WARN_UNUSED_VARIABLE = YES;
				IPHONEOS_DEPLOYMENT_TARGET = 8.1;
				MTL_ENABLE_DEBUG_INFO = NO;
				SDKROOT = iphoneos;
				TARGETED_DEVICE_FAMILY = "1,2";
				VALIDATE_PRODUCT = YES;
			};
			name = Release;
		};
		F257C3031A87845100297BBE /* Debug */ = {
			isa = XCBuildConfiguration;
			buildSettings = {
				ASSETCATALOG_COMPILER_APPICON_NAME = AppIcon;
				INFOPLIST_FILE = Calculator/Info.plist;
				LD_RUNPATH_SEARCH_PATHS = "$(inherited) @executable_path/Frameworks";
				PRODUCT_NAME = "$(TARGET_NAME)";
			};
			name = Debug;
		};
		F257C3041A87845100297BBE /* Release */ = {
			isa = XCBuildConfiguration;
			buildSettings = {
				ASSETCATALOG_COMPILER_APPICON_NAME = AppIcon;
				INFOPLIST_FILE = Calculator/Info.plist;
				LD_RUNPATH_SEARCH_PATHS = "$(inherited) @executable_path/Frameworks";
				PRODUCT_NAME = "$(TARGET_NAME)";
			};
			name = Release;
		};
		F257C3061A87845100297BBE /* Debug */ = {
			isa = XCBuildConfiguration;
			buildSettings = {
				BUNDLE_LOADER = "$(TEST_HOST)";
				FRAMEWORK_SEARCH_PATHS = (
					"$(SDKROOT)/Developer/Library/Frameworks",
					"$(inherited)",
				);
				GCC_PREPROCESSOR_DEFINITIONS = (
					"DEBUG=1",
					"$(inherited)",
				);
				INFOPLIST_FILE = CalculatorTests/Info.plist;
				LD_RUNPATH_SEARCH_PATHS = "$(inherited) @executable_path/Frameworks @loader_path/Frameworks";
				PRODUCT_NAME = "$(TARGET_NAME)";
				TEST_HOST = "$(BUILT_PRODUCTS_DIR)/Calculator.app/Calculator";
			};
			name = Debug;
		};
		F257C3071A87845100297BBE /* Release */ = {
			isa = XCBuildConfiguration;
			buildSettings = {
				BUNDLE_LOADER = "$(TEST_HOST)";
				FRAMEWORK_SEARCH_PATHS = (
					"$(SDKROOT)/Developer/Library/Frameworks",
					"$(inherited)",
				);
				INFOPLIST_FILE = CalculatorTests/Info.plist;
				LD_RUNPATH_SEARCH_PATHS = "$(inherited) @executable_path/Frameworks @loader_path/Frameworks";
				PRODUCT_NAME = "$(TARGET_NAME)";
				TEST_HOST = "$(BUILT_PRODUCTS_DIR)/Calculator.app/Calculator";
			};
			name = Release;
		};
/* End XCBuildConfiguration section */

/* Begin XCConfigurationList section */
		F257C2DE1A87845100297BBE /* Build configuration list for PBXProject "Calculator" */ = {
			isa = XCConfigurationList;
			buildConfigurations = (
				F257C3001A87845100297BBE /* Debug */,
				F257C3011A87845100297BBE /* Release */,
			);
			defaultConfigurationIsVisible = 0;
			defaultConfigurationName = Release;
		};
		F257C3021A87845100297BBE /* Build configuration list for PBXNativeTarget "Calculator" */ = {
			isa = XCConfigurationList;
			buildConfigurations = (
				F257C3031A87845100297BBE /* Debug */,
				F257C3041A87845100297BBE /* Release */,
			);
			defaultConfigurationIsVisible = 0;
		};
		F257C3051A87845100297BBE /* Build configuration list for PBXNativeTarget "CalculatorTests" */ = {
			isa = XCConfigurationList;
			buildConfigurations = (
				F257C3061A87845100297BBE /* Debug */,
				F257C3071A87845100297BBE /* Release */,
			);
			defaultConfigurationIsVisible = 0;
		};
/* End XCConfigurationList section */
	};
	rootObject = F257C2DB1A87845000297BBE /* Project object */;
}
